
Microsoft Visual Studio Solution File, Format Version 12.00
# Visual Studio Version 17
VisualStudioVersion = 17.5.002.0
MinimumVisualStudioVersion = 10.0.40219.1
Project("{9A19103F-16F7-4668-BE54-9A1E7A4F7556}") = "WebApi", "WebApi\WebApi.csproj", "{7FC75ADB-A0DF-4D29-A118-9CA1BF18D51C}"
EndProject
Global
	GlobalSection(SolutionConfigurationPlatforms) = preSolution
		Debug|Any CPU = Debug|Any CPU
		Release|Any CPU = Release|Any CPU
	EndGlobalSection
	GlobalSection(ProjectConfigurationPlatforms) = postSolution
		{7FC75ADB-A0DF-4D29-A118-9CA1BF18D51C}.Debug|Any CPU.ActiveCfg = Debug|Any CPU
		{7FC75ADB-A0DF-4D29-A118-9CA1BF18D51C}.Debug|Any CPU.Build.0 = Debug|Any CPU
		{7FC75ADB-A0DF-4D29-A118-9CA1BF18D51C}.Release|Any CPU.ActiveCfg = Release|Any CPU
		{7FC75ADB-A0DF-4D29-A118-9CA1BF18D51C}.Release|Any CPU.Build.0 = Release|Any CPU
	EndGlobalSection
	GlobalSection(SolutionProperties) = preSolution
		HideSolutionNode = FALSE
	EndGlobalSection
	GlobalSection(ExtensibilityGlobals) = postSolution
		SolutionGuid = {CDC9151F-A778-4190-B5D7-53306C024780}
	EndGlobalSection
EndGlobal
